
Microsoft Visual Studio Solution File, Format Version 12.00
# Visual Studio 15
VisualStudioVersion = 15.0.26403.7
MinimumVisualStudioVersion = 10.0.40219.1
Project("{FAE04EC0-301F-11D3-BF4B-00C04F79EFBC}") = "CloneRoids", "CloneRoids\CloneRoids.csproj", "{B0F4D0ED-2A3B-428A-A986-3081E101DD68}"
EndProject
Project("{FAE04EC0-301F-11D3-BF4B-00C04F79EFBC}") = "Nez-0.9.0", "..\Nez-0.9.0\Nez-PCL\Nez-0.9.0.csproj", "{60B7197D-D0D5-405C-90A2-A56903E9B039}"
EndProject
Project("{FAE04EC0-301F-11D3-BF4B-00C04F79EFBC}") = "Nez", "..\Nez\Nez.Portable\Nez.csproj", "{769AD0D7-4997-4F95-B0B5-F53625C51317}"
EndProject
Global
	GlobalSection(SolutionConfigurationPlatforms) = preSolution
		Debug|Any CPU = Debug|Any CPU
		Release|Any CPU = Release|Any CPU
	EndGlobalSection
	GlobalSection(ProjectConfigurationPlatforms) = postSolution
		{B0F4D0ED-2A3B-428A-A986-3081E101DD68}.Debug|Any CPU.ActiveCfg = Debug|Any CPU
		{B0F4D0ED-2A3B-428A-A986-3081E101DD68}.Debug|Any CPU.Build.0 = Debug|Any CPU
		{B0F4D0ED-2A3B-428A-A986-3081E101DD68}.Release|Any CPU.ActiveCfg = Release|Any CPU
		{B0F4D0ED-2A3B-428A-A986-3081E101DD68}.Release|Any CPU.Build.0 = Release|Any CPU
		{60B7197D-D0D5-405C-90A2-A56903E9B039}.Debug|Any CPU.ActiveCfg = Debug|Any CPU
		{60B7197D-D0D5-405C-90A2-A56903E9B039}.Debug|Any CPU.Build.0 = Debug|Any CPU
		{60B7197D-D0D5-405C-90A2-A56903E9B039}.Release|Any CPU.ActiveCfg = Release|Any CPU
		{60B7197D-D0D5-405C-90A2-A56903E9B039}.Release|Any CPU.Build.0 = Release|Any CPU
		{769AD0D7-4997-4F95-B0B5-F53625C51317}.Debug|Any CPU.ActiveCfg = Debug|Any CPU
		{769AD0D7-4997-4F95-B0B5-F53625C51317}.Debug|Any CPU.Build.0 = Debug|Any CPU
		{769AD0D7-4997-4F95-B0B5-F53625C51317}.Release|Any CPU.ActiveCfg = Release|Any CPU
		{769AD0D7-4997-4F95-B0B5-F53625C51317}.Release|Any CPU.Build.0 = Release|Any CPU
	EndGlobalSection
	GlobalSection(SolutionProperties) = preSolution
		HideSolutionNode = FALSE
	EndGlobalSection
EndGlobal
